
Microsoft Visual Studio Solution File, Format Version 12.00
# Visual Studio Version 17
VisualStudioVersion = 17.0.32126.317
MinimumVisualStudioVersion = 10.0.40219.1
Project("{8BC9CEB8-8B4A-11D0-8D11-00A0C91BC942}") = "CharCount", "CharCount.vcxproj", "{41FAF0F2-2F86-442E-B3CE-680C1EA7B76B}"
EndProject
Global
	GlobalSection(SolutionConfigurationPlatforms) = preSolution
		Debug|x64 = Debug|x64
		Debug|x86 = Debug|x86
		Release|x64 = Release|x64
		Release|x86 = Release|x86
	EndGlobalSection
	GlobalSection(ProjectConfigurationPlatforms) = postSolution
		{41FAF0F2-2F86-442E-B3CE-680C1EA7B76B}.Debug|x64.ActiveCfg = Debug|x64
		{41FAF0F2-2F86-442E-B3CE-680C1EA7B76B}.Debug|x64.Build.0 = Debug|x64
		{41FAF0F2-2F86-442E-B3CE-680C1EA7B76B}.Debug|x86.ActiveCfg = Debug|Win32
		{41FAF0F2-2F86-442E-B3CE-680C1EA7B76B}.Debug|x86.Build.0 = Debug|Win32
		{41FAF0F2-2F86-442E-B3CE-680C1EA7B76B}.Release|x64.ActiveCfg = Release|x64
		{41FAF0F2-2F86-442E-B3CE-680C1EA7B76B}.Release|x64.Build.0 = Release|x64
		{41FAF0F2-2F86-442E-B3CE-680C1EA7B76B}.Release|x86.ActiveCfg = Release|Win32
		{41FAF0F2-2F86-442E-B3CE-680C1EA7B76B}.Release|x86.Build.0 = Release|Win32
	EndGlobalSection
	GlobalSection(SolutionProperties) = preSolution
		HideSolutionNode = FALSE
	EndGlobalSection
	GlobalSection(ExtensibilityGlobals) = postSolution
		SolutionGuid = {8526D8ED-8D08-4542-90CC-D765674DFB3F}
	EndGlobalSection
EndGlobal
